
Microsoft Visual Studio Solution File, Format Version 12.00
# Visual Studio 15
VisualStudioVersion = 15.0.27703.2026
MinimumVisualStudioVersion = 10.0.40219.1
Project("{FAE04EC0-301F-11D3-BF4B-00C04F79EFBC}") = "SaaramshaApps", "SaaramshaApps\SaaramshaApps.csproj", "{6112FF16-5FE2-4B80-B16B-62817874AEB2}"
EndProject
Project("{FAE04EC0-301F-11D3-BF4B-00C04F79EFBC}") = "Saaramsha.Repositery", "Saaramsha.Repositery\Saaramsha.Repositery.csproj", "{394E541E-2CC8-4C6C-AE18-FD5417ADFDF5}"
EndProject
Project("{FAE04EC0-301F-11D3-BF4B-00C04F79EFBC}") = "SaaramshaCoreApi", "SaaramshaCoreApi\SaaramshaCoreApi.csproj", "{7B43F30C-AA78-405A-BFEE-0DAEB544C429}"
EndProject
Global
	GlobalSection(SolutionConfigurationPlatforms) = preSolution
		Debug|Any CPU = Debug|Any CPU
		Release|Any CPU = Release|Any CPU
	EndGlobalSection
	GlobalSection(ProjectConfigurationPlatforms) = postSolution
		{6112FF16-5FE2-4B80-B16B-62817874AEB2}.Debug|Any CPU.ActiveCfg = Debug|Any CPU
		{6112FF16-5FE2-4B80-B16B-62817874AEB2}.Debug|Any CPU.Build.0 = Debug|Any CPU
		{6112FF16-5FE2-4B80-B16B-62817874AEB2}.Release|Any CPU.ActiveCfg = Release|Any CPU
		{6112FF16-5FE2-4B80-B16B-62817874AEB2}.Release|Any CPU.Build.0 = Release|Any CPU
		{394E541E-2CC8-4C6C-AE18-FD5417ADFDF5}.Debug|Any CPU.ActiveCfg = Debug|Any CPU
		{394E541E-2CC8-4C6C-AE18-FD5417ADFDF5}.Debug|Any CPU.Build.0 = Debug|Any CPU
		{394E541E-2CC8-4C6C-AE18-FD5417ADFDF5}.Release|Any CPU.ActiveCfg = Release|Any CPU
		{394E541E-2CC8-4C6C-AE18-FD5417ADFDF5}.Release|Any CPU.Build.0 = Release|Any CPU
		{7B43F30C-AA78-405A-BFEE-0DAEB544C429}.Debug|Any CPU.ActiveCfg = Debug|Any CPU
		{7B43F30C-AA78-405A-BFEE-0DAEB544C429}.Debug|Any CPU.Build.0 = Debug|Any CPU
		{7B43F30C-AA78-405A-BFEE-0DAEB544C429}.Release|Any CPU.ActiveCfg = Release|Any CPU
		{7B43F30C-AA78-405A-BFEE-0DAEB544C429}.Release|Any CPU.Build.0 = Release|Any CPU
	EndGlobalSection
	GlobalSection(SolutionProperties) = preSolution
		HideSolutionNode = FALSE
	EndGlobalSection
	GlobalSection(ExtensibilityGlobals) = postSolution
		SolutionGuid = {EAD8764E-AFA0-45F2-BD84-76275B56AE5C}
	EndGlobalSection
EndGlobal
